
Microsoft Visual Studio Solution File, Format Version 11.00
# Visual Studio 2010
Project("{FAE04EC0-301F-11D3-BF4B-00C04F79EFBC}") = "ClinicalKnowledgeManager", "ClinicalKnowledgeManager\ClinicalKnowledgeManager.csproj", "{3A189E9E-120A-4F41-BC6C-8FEDF550EDEF}"
EndProject
Project("{FAE04EC0-301F-11D3-BF4B-00C04F79EFBC}") = "ClinicalKnowledgeManager.Tests", "ClinicalKnowledgeManager.Tests\ClinicalKnowledgeManager.Tests.csproj", "{55C86D65-39EB-470C-9C1F-0882EB9990F2}"
EndProject
Project("{2150E333-8FDC-42A3-9474-1A3956D46DE8}") = "Solution Items", "Solution Items", "{8DCFDEAE-91CE-40B1-AB82-DA7430E5019E}"
	ProjectSection(SolutionItems) = preProject
		ClinicalKnowledgeManager.vsmdi = ClinicalKnowledgeManager.vsmdi
		LICENSE.md = LICENSE.md
		Local.testsettings = Local.testsettings
		TraceAndTestImpact.testsettings = TraceAndTestImpact.testsettings
	EndProjectSection
EndProject
Project("{FAE04EC0-301F-11D3-BF4B-00C04F79EFBC}") = "HL7InfobuttonAPI", "..\HL7InfobuttonAPI\HL7InfobuttonAPI.csproj", "{2B5C496E-D58A-456E-BF76-60644CF7E41B}"
EndProject
Global
	GlobalSection(TestCaseManagementSettings) = postSolution
		CategoryFile = ClinicalKnowledgeManager.vsmdi
	EndGlobalSection
	GlobalSection(SolutionConfigurationPlatforms) = preSolution
		Debug|Any CPU = Debug|Any CPU
		Release|Any CPU = Release|Any CPU
	EndGlobalSection
	GlobalSection(ProjectConfigurationPlatforms) = postSolution
		{3A189E9E-120A-4F41-BC6C-8FEDF550EDEF}.Debug|Any CPU.ActiveCfg = Debug|Any CPU
		{3A189E9E-120A-4F41-BC6C-8FEDF550EDEF}.Debug|Any CPU.Build.0 = Debug|Any CPU
		{3A189E9E-120A-4F41-BC6C-8FEDF550EDEF}.Release|Any CPU.ActiveCfg = Release|Any CPU
		{3A189E9E-120A-4F41-BC6C-8FEDF550EDEF}.Release|Any CPU.Build.0 = Release|Any CPU
		{55C86D65-39EB-470C-9C1F-0882EB9990F2}.Debug|Any CPU.ActiveCfg = Debug|Any CPU
		{55C86D65-39EB-470C-9C1F-0882EB9990F2}.Debug|Any CPU.Build.0 = Debug|Any CPU
		{55C86D65-39EB-470C-9C1F-0882EB9990F2}.Release|Any CPU.ActiveCfg = Release|Any CPU
		{55C86D65-39EB-470C-9C1F-0882EB9990F2}.Release|Any CPU.Build.0 = Release|Any CPU
		{2B5C496E-D58A-456E-BF76-60644CF7E41B}.Debug|Any CPU.ActiveCfg = Debug|Any CPU
		{2B5C496E-D58A-456E-BF76-60644CF7E41B}.Debug|Any CPU.Build.0 = Debug|Any CPU
		{2B5C496E-D58A-456E-BF76-60644CF7E41B}.Release|Any CPU.ActiveCfg = Release|Any CPU
		{2B5C496E-D58A-456E-BF76-60644CF7E41B}.Release|Any CPU.Build.0 = Release|Any CPU
	EndGlobalSection
	GlobalSection(SolutionProperties) = preSolution
		HideSolutionNode = FALSE
	EndGlobalSection
EndGlobal
